
Microsoft Visual Studio Solution File, Format Version 12.00
# Visual Studio 14
VisualStudioVersion = 14.0.25420.1
MinimumVisualStudioVersion = 10.0.40219.1
Project("{FAE04EC0-301F-11D3-BF4B-00C04F79EFBC}") = "LargestPalindromeProduct", "LargestPalindromeProduct\LargestPalindromeProduct.csproj", "{AAB4748B-3501-4935-B6FC-A77DF03F2023}"
EndProject
Project("{FAE04EC0-301F-11D3-BF4B-00C04F79EFBC}") = "LargestPalindromProductTest", "LargestPalindromProductTest\LargestPalindromProductTest.csproj", "{2BD26D81-52A1-49A0-8D1E-02C50DC54619}"
EndProject
Global
	GlobalSection(SolutionConfigurationPlatforms) = preSolution
		Debug|Any CPU = Debug|Any CPU
		Release|Any CPU = Release|Any CPU
	EndGlobalSection
	GlobalSection(ProjectConfigurationPlatforms) = postSolution
		{AAB4748B-3501-4935-B6FC-A77DF03F2023}.Debug|Any CPU.ActiveCfg = Debug|Any CPU
		{AAB4748B-3501-4935-B6FC-A77DF03F2023}.Debug|Any CPU.Build.0 = Debug|Any CPU
		{AAB4748B-3501-4935-B6FC-A77DF03F2023}.Release|Any CPU.ActiveCfg = Release|Any CPU
		{AAB4748B-3501-4935-B6FC-A77DF03F2023}.Release|Any CPU.Build.0 = Release|Any CPU
		{2BD26D81-52A1-49A0-8D1E-02C50DC54619}.Debug|Any CPU.ActiveCfg = Debug|Any CPU
		{2BD26D81-52A1-49A0-8D1E-02C50DC54619}.Debug|Any CPU.Build.0 = Debug|Any CPU
		{2BD26D81-52A1-49A0-8D1E-02C50DC54619}.Release|Any CPU.ActiveCfg = Release|Any CPU
		{2BD26D81-52A1-49A0-8D1E-02C50DC54619}.Release|Any CPU.Build.0 = Release|Any CPU
	EndGlobalSection
	GlobalSection(SolutionProperties) = preSolution
		HideSolutionNode = FALSE
	EndGlobalSection
EndGlobal
