
Microsoft Visual Studio Solution File, Format Version 12.00
# Visual Studio 14
VisualStudioVersion = 14.0.25420.1
MinimumVisualStudioVersion = 10.0.40219.1
Project("{FAE04EC0-301F-11D3-BF4B-00C04F79EFBC}") = "Wrapper", "Wrapper\Wrapper.csproj", "{F3D1DC90-5348-4C6C-BE70-C04424A784E2}"
EndProject
Project("{FAE04EC0-301F-11D3-BF4B-00C04F79EFBC}") = "Wrapper.Test", "Wrapper.Test\Wrapper.Test.csproj", "{AA5185A2-51E7-464B-A0B6-E6ED4F487DAB}"
EndProject
Global
	GlobalSection(SolutionConfigurationPlatforms) = preSolution
		Debug|Any CPU = Debug|Any CPU
		Release|Any CPU = Release|Any CPU
	EndGlobalSection
	GlobalSection(ProjectConfigurationPlatforms) = postSolution
		{F3D1DC90-5348-4C6C-BE70-C04424A784E2}.Debug|Any CPU.ActiveCfg = Debug|Any CPU
		{F3D1DC90-5348-4C6C-BE70-C04424A784E2}.Debug|Any CPU.Build.0 = Debug|Any CPU
		{F3D1DC90-5348-4C6C-BE70-C04424A784E2}.Release|Any CPU.ActiveCfg = Release|Any CPU
		{F3D1DC90-5348-4C6C-BE70-C04424A784E2}.Release|Any CPU.Build.0 = Release|Any CPU
		{AA5185A2-51E7-464B-A0B6-E6ED4F487DAB}.Debug|Any CPU.ActiveCfg = Debug|Any CPU
		{AA5185A2-51E7-464B-A0B6-E6ED4F487DAB}.Debug|Any CPU.Build.0 = Debug|Any CPU
		{AA5185A2-51E7-464B-A0B6-E6ED4F487DAB}.Release|Any CPU.ActiveCfg = Release|Any CPU
		{AA5185A2-51E7-464B-A0B6-E6ED4F487DAB}.Release|Any CPU.Build.0 = Release|Any CPU
	EndGlobalSection
	GlobalSection(SolutionProperties) = preSolution
		HideSolutionNode = FALSE
	EndGlobalSection
EndGlobal
