
Microsoft Visual Studio Solution File, Format Version 12.00
# Visual Studio 15
VisualStudioVersion = 15.0.26430.16
MinimumVisualStudioVersion = 10.0.40219.1
Project("{FAE04EC0-301F-11D3-BF4B-00C04F79EFBC}") = "TennisGameTests", "TennisGameTests\TennisGameTests.csproj", "{53A52352-4317-45E7-99BD-BDCD40FDF747}"
EndProject
Project("{FAE04EC0-301F-11D3-BF4B-00C04F79EFBC}") = "TennisGame", "TennisGame\TennisGame.csproj", "{D834771B-79E0-4F70-AA2C-F94D2DFF6DC1}"
EndProject
Global
	GlobalSection(SolutionConfigurationPlatforms) = preSolution
		Debug|Any CPU = Debug|Any CPU
		Release|Any CPU = Release|Any CPU
	EndGlobalSection
	GlobalSection(ProjectConfigurationPlatforms) = postSolution
		{53A52352-4317-45E7-99BD-BDCD40FDF747}.Debug|Any CPU.ActiveCfg = Debug|Any CPU
		{53A52352-4317-45E7-99BD-BDCD40FDF747}.Debug|Any CPU.Build.0 = Debug|Any CPU
		{53A52352-4317-45E7-99BD-BDCD40FDF747}.Release|Any CPU.ActiveCfg = Release|Any CPU
		{53A52352-4317-45E7-99BD-BDCD40FDF747}.Release|Any CPU.Build.0 = Release|Any CPU
		{D834771B-79E0-4F70-AA2C-F94D2DFF6DC1}.Debug|Any CPU.ActiveCfg = Debug|Any CPU
		{D834771B-79E0-4F70-AA2C-F94D2DFF6DC1}.Debug|Any CPU.Build.0 = Debug|Any CPU
		{D834771B-79E0-4F70-AA2C-F94D2DFF6DC1}.Release|Any CPU.ActiveCfg = Release|Any CPU
		{D834771B-79E0-4F70-AA2C-F94D2DFF6DC1}.Release|Any CPU.Build.0 = Release|Any CPU
	EndGlobalSection
	GlobalSection(SolutionProperties) = preSolution
		HideSolutionNode = FALSE
	EndGlobalSection
EndGlobal
