
Microsoft Visual Studio Solution File, Format Version 12.00
# Visual Studio 14
VisualStudioVersion = 14.0.25420.1
MinimumVisualStudioVersion = 10.0.40219.1
Project("{FAE04EC0-301F-11D3-BF4B-00C04F79EFBC}") = "PrimeFactors", "PrimeFactors\PrimeFactors.csproj", "{245E1D4B-CC09-4B32-AF88-BE81AC599EA7}"
EndProject
Project("{FAE04EC0-301F-11D3-BF4B-00C04F79EFBC}") = "PrimeFactorsTest", "PrimeFactorsTest\PrimeFactorsTest.csproj", "{980DFA61-2256-45ED-AF1C-E27CCDB36B9A}"
EndProject
Global
	GlobalSection(SolutionConfigurationPlatforms) = preSolution
		Debug|Any CPU = Debug|Any CPU
		Release|Any CPU = Release|Any CPU
	EndGlobalSection
	GlobalSection(ProjectConfigurationPlatforms) = postSolution
		{245E1D4B-CC09-4B32-AF88-BE81AC599EA7}.Debug|Any CPU.ActiveCfg = Debug|Any CPU
		{245E1D4B-CC09-4B32-AF88-BE81AC599EA7}.Debug|Any CPU.Build.0 = Debug|Any CPU
		{245E1D4B-CC09-4B32-AF88-BE81AC599EA7}.Release|Any CPU.ActiveCfg = Release|Any CPU
		{245E1D4B-CC09-4B32-AF88-BE81AC599EA7}.Release|Any CPU.Build.0 = Release|Any CPU
		{980DFA61-2256-45ED-AF1C-E27CCDB36B9A}.Debug|Any CPU.ActiveCfg = Debug|Any CPU
		{980DFA61-2256-45ED-AF1C-E27CCDB36B9A}.Debug|Any CPU.Build.0 = Debug|Any CPU
		{980DFA61-2256-45ED-AF1C-E27CCDB36B9A}.Release|Any CPU.ActiveCfg = Release|Any CPU
		{980DFA61-2256-45ED-AF1C-E27CCDB36B9A}.Release|Any CPU.Build.0 = Release|Any CPU
	EndGlobalSection
	GlobalSection(SolutionProperties) = preSolution
		HideSolutionNode = FALSE
	EndGlobalSection
EndGlobal
