
Microsoft Visual Studio Solution File, Format Version 12.00
# Visual Studio 14
VisualStudioVersion = 14.0.25420.1
MinimumVisualStudioVersion = 10.0.40219.1
Project("{FAE04EC0-301F-11D3-BF4B-00C04F79EFBC}") = "PrimeFactorization", "PrimeFactorization\PrimeFactorization.csproj", "{A828D600-019B-4E0C-AC67-18423AC04600}"
EndProject
Project("{FAE04EC0-301F-11D3-BF4B-00C04F79EFBC}") = "PrimeFactorizationTest", "PrimeFactorizationTest\PrimeFactorizationTest.csproj", "{507F2C13-107C-47C2-AD4C-0F4F75DA6610}"
EndProject
Project("{FAE04EC0-301F-11D3-BF4B-00C04F79EFBC}") = "PrimeFactoreConsole", "PrimeFactoreConsole\PrimeFactoreConsole.csproj", "{AF588AC1-1E58-4A10-B4FE-72018AEA558E}"
EndProject
Global
	GlobalSection(SolutionConfigurationPlatforms) = preSolution
		Debug|Any CPU = Debug|Any CPU
		Release|Any CPU = Release|Any CPU
	EndGlobalSection
	GlobalSection(ProjectConfigurationPlatforms) = postSolution
		{A828D600-019B-4E0C-AC67-18423AC04600}.Debug|Any CPU.ActiveCfg = Debug|Any CPU
		{A828D600-019B-4E0C-AC67-18423AC04600}.Debug|Any CPU.Build.0 = Debug|Any CPU
		{A828D600-019B-4E0C-AC67-18423AC04600}.Release|Any CPU.ActiveCfg = Release|Any CPU
		{A828D600-019B-4E0C-AC67-18423AC04600}.Release|Any CPU.Build.0 = Release|Any CPU
		{507F2C13-107C-47C2-AD4C-0F4F75DA6610}.Debug|Any CPU.ActiveCfg = Debug|Any CPU
		{507F2C13-107C-47C2-AD4C-0F4F75DA6610}.Debug|Any CPU.Build.0 = Debug|Any CPU
		{507F2C13-107C-47C2-AD4C-0F4F75DA6610}.Release|Any CPU.ActiveCfg = Release|Any CPU
		{507F2C13-107C-47C2-AD4C-0F4F75DA6610}.Release|Any CPU.Build.0 = Release|Any CPU
		{AF588AC1-1E58-4A10-B4FE-72018AEA558E}.Debug|Any CPU.ActiveCfg = Debug|Any CPU
		{AF588AC1-1E58-4A10-B4FE-72018AEA558E}.Debug|Any CPU.Build.0 = Debug|Any CPU
		{AF588AC1-1E58-4A10-B4FE-72018AEA558E}.Release|Any CPU.ActiveCfg = Release|Any CPU
		{AF588AC1-1E58-4A10-B4FE-72018AEA558E}.Release|Any CPU.Build.0 = Release|Any CPU
	EndGlobalSection
	GlobalSection(SolutionProperties) = preSolution
		HideSolutionNode = FALSE
	EndGlobalSection
EndGlobal
