
Microsoft Visual Studio Solution File, Format Version 12.00
# Visual Studio 14
VisualStudioVersion = 14.0.25420.1
MinimumVisualStudioVersion = 10.0.40219.1
Project("{FAE04EC0-301F-11D3-BF4B-00C04F79EFBC}") = "NameInverter", "NameInverter\NameInverter.csproj", "{48F3A5BE-96DF-452D-A4CB-FE3EDB5A08F6}"
EndProject
Project("{FAE04EC0-301F-11D3-BF4B-00C04F79EFBC}") = "NameInverter.Tests", "NameInverter.Tests\NameInverter.Tests.csproj", "{A1260280-77AB-4CCE-9F04-57683B101A05}"
EndProject
Global
	GlobalSection(SolutionConfigurationPlatforms) = preSolution
		Debug|Any CPU = Debug|Any CPU
		Release|Any CPU = Release|Any CPU
	EndGlobalSection
	GlobalSection(ProjectConfigurationPlatforms) = postSolution
		{48F3A5BE-96DF-452D-A4CB-FE3EDB5A08F6}.Debug|Any CPU.ActiveCfg = Debug|Any CPU
		{48F3A5BE-96DF-452D-A4CB-FE3EDB5A08F6}.Debug|Any CPU.Build.0 = Debug|Any CPU
		{48F3A5BE-96DF-452D-A4CB-FE3EDB5A08F6}.Release|Any CPU.ActiveCfg = Release|Any CPU
		{48F3A5BE-96DF-452D-A4CB-FE3EDB5A08F6}.Release|Any CPU.Build.0 = Release|Any CPU
		{A1260280-77AB-4CCE-9F04-57683B101A05}.Debug|Any CPU.ActiveCfg = Debug|Any CPU
		{A1260280-77AB-4CCE-9F04-57683B101A05}.Debug|Any CPU.Build.0 = Debug|Any CPU
		{A1260280-77AB-4CCE-9F04-57683B101A05}.Release|Any CPU.ActiveCfg = Release|Any CPU
		{A1260280-77AB-4CCE-9F04-57683B101A05}.Release|Any CPU.Build.0 = Release|Any CPU
	EndGlobalSection
	GlobalSection(SolutionProperties) = preSolution
		HideSolutionNode = FALSE
	EndGlobalSection
EndGlobal
